
Microsoft Visual Studio Solution File, Format Version 12.00
# Visual Studio Version 16
VisualStudioVersion = 16.0.31129.286
MinimumVisualStudioVersion = 10.0.40219.1
Project("{FAE04EC0-301F-11D3-BF4B-00C04F79EFBC}") = "FileConventorApp", "FileConventorApp\FileConventorApp.csproj", "{C7FCCEA2-9FE8-40B7-98B7-954E5A385ECF}"
EndProject
Project("{FAE04EC0-301F-11D3-BF4B-00C04F79EFBC}") = "FileDataModel", "FileDataModel\FileDataModel.csproj", "{0FEFD1D4-F157-4628-B460-DBD143E24FF2}"
EndProject
Project("{FAE04EC0-301F-11D3-BF4B-00C04F79EFBC}") = "FileProcessorRepo", "IFileProcessor\FileProcessorRepo.csproj", "{6EC8EA5A-4FFA-4B32-80AF-E7DE1289EC45}"
EndProject
Project("{FAE04EC0-301F-11D3-BF4B-00C04F79EFBC}") = "FileService", "FileService\FileService.csproj", "{445BFE4F-409F-461F-9550-F98F355835ED}"
EndProject
Global
	GlobalSection(SolutionConfigurationPlatforms) = preSolution
		Debug|Any CPU = Debug|Any CPU
		Release|Any CPU = Release|Any CPU
	EndGlobalSection
	GlobalSection(ProjectConfigurationPlatforms) = postSolution
		{C7FCCEA2-9FE8-40B7-98B7-954E5A385ECF}.Debug|Any CPU.ActiveCfg = Debug|Any CPU
		{C7FCCEA2-9FE8-40B7-98B7-954E5A385ECF}.Debug|Any CPU.Build.0 = Debug|Any CPU
		{C7FCCEA2-9FE8-40B7-98B7-954E5A385ECF}.Release|Any CPU.ActiveCfg = Release|Any CPU
		{C7FCCEA2-9FE8-40B7-98B7-954E5A385ECF}.Release|Any CPU.Build.0 = Release|Any CPU
		{0FEFD1D4-F157-4628-B460-DBD143E24FF2}.Debug|Any CPU.ActiveCfg = Debug|Any CPU
		{0FEFD1D4-F157-4628-B460-DBD143E24FF2}.Debug|Any CPU.Build.0 = Debug|Any CPU
		{0FEFD1D4-F157-4628-B460-DBD143E24FF2}.Release|Any CPU.ActiveCfg = Release|Any CPU
		{0FEFD1D4-F157-4628-B460-DBD143E24FF2}.Release|Any CPU.Build.0 = Release|Any CPU
		{6EC8EA5A-4FFA-4B32-80AF-E7DE1289EC45}.Debug|Any CPU.ActiveCfg = Debug|Any CPU
		{6EC8EA5A-4FFA-4B32-80AF-E7DE1289EC45}.Debug|Any CPU.Build.0 = Debug|Any CPU
		{6EC8EA5A-4FFA-4B32-80AF-E7DE1289EC45}.Release|Any CPU.ActiveCfg = Release|Any CPU
		{6EC8EA5A-4FFA-4B32-80AF-E7DE1289EC45}.Release|Any CPU.Build.0 = Release|Any CPU
		{445BFE4F-409F-461F-9550-F98F355835ED}.Debug|Any CPU.ActiveCfg = Debug|Any CPU
		{445BFE4F-409F-461F-9550-F98F355835ED}.Debug|Any CPU.Build.0 = Debug|Any CPU
		{445BFE4F-409F-461F-9550-F98F355835ED}.Release|Any CPU.ActiveCfg = Release|Any CPU
		{445BFE4F-409F-461F-9550-F98F355835ED}.Release|Any CPU.Build.0 = Release|Any CPU
	EndGlobalSection
	GlobalSection(SolutionProperties) = preSolution
		HideSolutionNode = FALSE
	EndGlobalSection
	GlobalSection(ExtensibilityGlobals) = postSolution
		SolutionGuid = {9A320EE9-979E-47A1-97D1-25ACCE478644}
	EndGlobalSection
EndGlobal
